
Microsoft Visual Studio Solution File, Format Version 12.00
Project("{FAE04EC0-301F-11D3-BF4B-00C04F79EFBC}") = "niuz.application", "niuz.application\niuz.application.csproj", "{C4E0113B-CB98-4037-ADD5-5B53D4B77E33}"
EndProject
Project("{FAE04EC0-301F-11D3-BF4B-00C04F79EFBC}") = "niuz.application.test", "niuz.application.test\niuz.application.test.csproj", "{ACA6B5CE-562B-4799-80A6-EE5B7F7DC9F3}"
EndProject
Global
	GlobalSection(SolutionConfigurationPlatforms) = preSolution
		Debug|Any CPU = Debug|Any CPU
		Release|Any CPU = Release|Any CPU
	EndGlobalSection
	GlobalSection(ProjectConfigurationPlatforms) = postSolution
		{C4E0113B-CB98-4037-ADD5-5B53D4B77E33}.Debug|Any CPU.ActiveCfg = Debug|Any CPU
		{C4E0113B-CB98-4037-ADD5-5B53D4B77E33}.Debug|Any CPU.Build.0 = Debug|Any CPU
		{C4E0113B-CB98-4037-ADD5-5B53D4B77E33}.Release|Any CPU.ActiveCfg = Release|Any CPU
		{C4E0113B-CB98-4037-ADD5-5B53D4B77E33}.Release|Any CPU.Build.0 = Release|Any CPU
		{ACA6B5CE-562B-4799-80A6-EE5B7F7DC9F3}.Debug|Any CPU.ActiveCfg = Debug|Any CPU
		{ACA6B5CE-562B-4799-80A6-EE5B7F7DC9F3}.Debug|Any CPU.Build.0 = Debug|Any CPU
		{ACA6B5CE-562B-4799-80A6-EE5B7F7DC9F3}.Release|Any CPU.ActiveCfg = Release|Any CPU
		{ACA6B5CE-562B-4799-80A6-EE5B7F7DC9F3}.Release|Any CPU.Build.0 = Release|Any CPU
	EndGlobalSection
EndGlobal
